{
  "name": "psychic-poker-player",
  "version": "1.0.0",
  "lockfileVersion": 1,
  "requires": true,
  "dependencies": {
    "lodash": {
      "version": "4.17.10",
      "resolved": "https://registry.npmjs.org/lodash/-/lodash-4.17.10.tgz",
      "integrity": "sha512-UejweD1pDoXu+AD825lWwp4ZGtSwgnpZxb3JDViD7StjQz+Nb/6l093lx4OQ0foGWNRoc19mWy7BzL+UAK2iVg=="
    },
    "lodash.combinations": {
      "version": "18.6.25",
      "resolved": "https://registry.npmjs.org/lodash.combinations/-/lodash.combinations-18.6.25.tgz",
      "integrity": "sha1-PncFTJ1ySmWcWDmDKry5ocsIly4=",
      "requires": {
        "lodash": "^4.17.10"
      }
    }
  }
}
